{"filter":false,"title":"package-lock.json","tooltip":"/yelpcamp/v1/package-lock.json","undoManager":{"mark":-1,"position":-1,"stack":[]},"ace":{"folds":[],"scrolltop":0,"scrollleft":0,"selection":{"start":{"row":1,"column":14},"end":{"row":1,"column":14},"isBackwards":false},"options":{"guessTabSize":true,"useWrapMode":false,"wrapToView":true},"firstLineState":0},"timestamp":1590488291908,"hash":"67325c617a2b2525928f2473c6b0847e010b37c9"}