{"filter":false,"title":"package-lock.json","tooltip":"/yelpcamp/v9/package-lock.json","undoManager":{"mark":1,"position":1,"stack":[[{"start":{"row":1,"column":12},"end":{"row":1,"column":13},"action":"remove","lines":["8"],"id":2}],[{"start":{"row":1,"column":12},"end":{"row":1,"column":13},"action":"insert","lines":["9"],"id":3}]]},"ace":{"folds":[],"scrolltop":0,"scrollleft":0,"selection":{"start":{"row":1,"column":13},"end":{"row":1,"column":13},"isBackwards":false},"options":{"guessTabSize":true,"useWrapMode":false,"wrapToView":true},"firstLineState":0},"timestamp":1590959787354,"hash":"3f5ee8354eeb353612ddb1b068fa3a314e2c1c98"}