{"filter":false,"title":"package-lock.json","tooltip":"/yelpcamp/v2/package-lock.json","undoManager":{"mark":0,"position":0,"stack":[[{"start":{"row":1,"column":12},"end":{"row":1,"column":13},"action":"remove","lines":["1"],"id":2},{"start":{"row":1,"column":12},"end":{"row":1,"column":13},"action":"insert","lines":["2"]}]]},"ace":{"folds":[],"scrolltop":1239,"scrollleft":0,"selection":{"start":{"row":115,"column":13},"end":{"row":115,"column":13},"isBackwards":false},"options":{"guessTabSize":true,"useWrapMode":false,"wrapToView":true},"firstLineState":{"row":87,"state":"start","mode":"ace/mode/json"}},"timestamp":1590488336980,"hash":"1eb3e1c848255ef181aeed8d0b5f9e214e6c94c5"}