{"filter":false,"title":"package-lock.json","tooltip":"/yelpcamp/v3/package-lock.json","undoManager":{"mark":-1,"position":-1,"stack":[]},"ace":{"folds":[],"scrolltop":0,"scrollleft":0,"selection":{"start":{"row":0,"column":0},"end":{"row":0,"column":0},"isBackwards":false},"options":{"guessTabSize":true,"useWrapMode":false,"wrapToView":true},"firstLineState":0},"timestamp":1590694546511,"hash":"497081bacfafb1250fe7dd12a6690da139d8c1e7"}